
Microsoft Visual Studio Solution File, Format Version 12.00
# Visual Studio Version 17
VisualStudioVersion = 17.13.35825.156 d17.13
MinimumVisualStudioVersion = 10.0.40219.1
Project("{FAE04EC0-301F-11D3-BF4B-00C04F79EFBC}") = "PiCalculator", "PiCalculator.csproj", "{53A060BF-0E12-404C-B3C6-9029899C8BA1}"
EndProject
Global
	GlobalSection(SolutionConfigurationPlatforms) = preSolution
		Debug|Any CPU = Debug|Any CPU
		Release|Any CPU = Release|Any CPU
	EndGlobalSection
	GlobalSection(ProjectConfigurationPlatforms) = postSolution
		{53A060BF-0E12-404C-B3C6-9029899C8BA1}.Debug|Any CPU.ActiveCfg = Debug|Any CPU
		{53A060BF-0E12-404C-B3C6-9029899C8BA1}.Debug|Any CPU.Build.0 = Debug|Any CPU
		{53A060BF-0E12-404C-B3C6-9029899C8BA1}.Release|Any CPU.ActiveCfg = Release|Any CPU
		{53A060BF-0E12-404C-B3C6-9029899C8BA1}.Release|Any CPU.Build.0 = Release|Any CPU
	EndGlobalSection
	GlobalSection(SolutionProperties) = preSolution
		HideSolutionNode = FALSE
	EndGlobalSection
	GlobalSection(ExtensibilityGlobals) = postSolution
		SolutionGuid = {ACF1D401-3E77-4762-A7C3-5D27E614FC86}
	EndGlobalSection
EndGlobal
